
Microsoft Visual Studio Solution File, Format Version 12.00
# Visual Studio Version 17
VisualStudioVersion = 17.7.34024.191
MinimumVisualStudioVersion = 10.0.40219.1
Project("{9A19103F-16F7-4668-BE54-9A1E7A4F7556}") = "GridInventory", "GridInventory\GridInventory.csproj", "{C6900B4F-D2F6-4050-84D4-F14B7A6A2DCE}"
EndProject
Project("{2150E333-8FDC-42A3-9474-1A3956D46DE8}") = "Solution Items", "Solution Items", "{6C8DD50D-5109-48D4-95DA-F4CA6D84B7EA}"
	ProjectSection(SolutionItems) = preProject
		GridInventory\bin\Assets\guns.png = GridInventory\bin\Assets\guns.png
	EndProjectSection
EndProject
Global
	GlobalSection(SolutionConfigurationPlatforms) = preSolution
		Debug|Any CPU = Debug|Any CPU
		Release|Any CPU = Release|Any CPU
	EndGlobalSection
	GlobalSection(ProjectConfigurationPlatforms) = postSolution
		{C6900B4F-D2F6-4050-84D4-F14B7A6A2DCE}.Debug|Any CPU.ActiveCfg = Debug|Any CPU
		{C6900B4F-D2F6-4050-84D4-F14B7A6A2DCE}.Debug|Any CPU.Build.0 = Debug|Any CPU
		{C6900B4F-D2F6-4050-84D4-F14B7A6A2DCE}.Release|Any CPU.ActiveCfg = Release|Any CPU
		{C6900B4F-D2F6-4050-84D4-F14B7A6A2DCE}.Release|Any CPU.Build.0 = Release|Any CPU
	EndGlobalSection
	GlobalSection(SolutionProperties) = preSolution
		HideSolutionNode = FALSE
	EndGlobalSection
	GlobalSection(ExtensibilityGlobals) = postSolution
		SolutionGuid = {396AFCB8-8C28-4754-A6E7-B732EBC38D1D}
	EndGlobalSection
EndGlobal
